// !$*UTF8*$!
{
	archiveVersion = 1;
	classes = {
	};
	objectVersion = 50;
	objects = {

/* Begin PBXBuildFile section */
		C857E9072268F59800789E31 /* Notes.rtf in Resources */ = {isa = PBXBuildFile; fileRef = C857E9062268F59800789E31 /* Notes.rtf */; };
		C857E90B2269BF4100789E31 /* HealthKit.framework in Frameworks */ = {isa = PBXBuildFile; fileRef = C857E90A2269BF4100789E31 /* HealthKit.framework */; };
		C897EBD82268D6EB00628B7E /* AppDelegate.swift in Sources */ = {isa = PBXBuildFile; fileRef = C897EBD72268D6EB00628B7E /* AppDelegate.swift */; };
		C897EBDA2268D6EB00628B7E /* ViewController.swift in Sources */ = {isa = PBXBuildFile; fileRef = C897EBD92268D6EB00628B7E /* ViewController.swift */; };
		C897EBDD2268D6EB00628B7E /* Main.storyboard in Resources */ = {isa = PBXBuildFile; fileRef = C897EBDB2268D6EB00628B7E /* Main.storyboard */; };
		C897EBDF2268D6ED00628B7E /* Assets.xcassets in Resources */ = {isa = PBXBuildFile; fileRef = C897EBDE2268D6ED00628B7E /* Assets.xcassets */; };
		C897EBE22268D6ED00628B7E /* LaunchScreen.storyboard in Resources */ = {isa = PBXBuildFile; fileRef = C897EBE02268D6ED00628B7E /* LaunchScreen.storyboard */; };
		C897EBE72268D6ED00628B7E /* watchMotionDemo WatchKit App.app in Embed Watch Content */ = {isa = PBXBuildFile; fileRef = C897EBE62268D6ED00628B7E /* watchMotionDemo WatchKit App.app */; };
		C897EBED2268D6EE00628B7E /* Interface.storyboard in Resources */ = {isa = PBXBuildFile; fileRef = C897EBEB2268D6EE00628B7E /* Interface.storyboard */; };
		C897EBEF2268D6EE00628B7E /* Assets.xcassets in Resources */ = {isa = PBXBuildFile; fileRef = C897EBEE2268D6EE00628B7E /* Assets.xcassets */; };
		C897EBF62268D6EE00628B7E /* watchMotionDemo WatchKit Extension.appex in Embed App Extensions */ = {isa = PBXBuildFile; fileRef = C897EBF52268D6EE00628B7E /* watchMotionDemo WatchKit Extension.appex */; settings = {ATTRIBUTES = (RemoveHeadersOnCopy, ); }; };
		C897EBFB2268D6EE00628B7E /* InterfaceController.swift in Sources */ = {isa = PBXBuildFile; fileRef = C897EBFA2268D6EE00628B7E /* InterfaceController.swift */; };
		C897EBFD2268D6EE00628B7E /* ExtensionDelegate.swift in Sources */ = {isa = PBXBuildFile; fileRef = C897EBFC2268D6EE00628B7E /* ExtensionDelegate.swift */; };
		C897EBFF2268D6EF00628B7E /* Assets.xcassets in Resources */ = {isa = PBXBuildFile; fileRef = C897EBFE2268D6EF00628B7E /* Assets.xcassets */; };
/* End PBXBuildFile section */

/* Begin PBXContainerItemProxy section */
		C897EBE82268D6ED00628B7E /* PBXContainerItemProxy */ = {
			isa = PBXContainerItemProxy;
			containerPortal = C897EBCC2268D6EB00628B7E /* Project object */;
			proxyType = 1;
			remoteGlobalIDString = C897EBE52268D6ED00628B7E;
			remoteInfo = "watchMotionDemo WatchKit App";
		};
		C897EBF72268D6EE00628B7E /* PBXContainerItemProxy */ = {
			isa = PBXContainerItemProxy;
			containerPortal = C897EBCC2268D6EB00628B7E /* Project object */;
			proxyType = 1;
			remoteGlobalIDString = C897EBF42268D6EE00628B7E;
			remoteInfo = "watchMotionDemo WatchKit Extension";
		};
/* End PBXContainerItemProxy section */

/* Begin PBXCopyFilesBuildPhase section */
		C897EC062268D6EF00628B7E /* Embed App Extensions */ = {
			isa = PBXCopyFilesBuildPhase;
			buildActionMask = 2147483647;
			dstPath = "";
			dstSubfolderSpec = 13;
			files = (
				C897EBF62268D6EE00628B7E /* watchMotionDemo WatchKit Extension.appex in Embed App Extensions */,
			);
			name = "Embed App Extensions";
			runOnlyForDeploymentPostprocessing = 0;
		};
		C897EC0A2268D6EF00628B7E /* Embed Watch Content */ = {
			isa = PBXCopyFilesBuildPhase;
			buildActionMask = 2147483647;
			dstPath = "$(CONTENTS_FOLDER_PATH)/Watch";
			dstSubfolderSpec = 16;
			files = (
				C897EBE72268D6ED00628B7E /* watchMotionDemo WatchKit App.app in Embed Watch Content */,
			);
			name = "Embed Watch Content";
			runOnlyForDeploymentPostprocessing = 0;
		};
/* End PBXCopyFilesBuildPhase section */

/* Begin PBXFileReference section */
		C857E9062268F59800789E31 /* Notes.rtf */ = {isa = PBXFileReference; lastKnownFileType = text.rtf; path = Notes.rtf; sourceTree = "<group>"; };
		C857E9082269BF4100789E31 /* watchMotionDemo WatchKit Extension.entitlements */ = {isa = PBXFileReference; lastKnownFileType = text.plist.entitlements; path = "watchMotionDemo WatchKit Extension.entitlements"; sourceTree = "<group>"; };
		C857E90A2269BF4100789E31 /* HealthKit.framework */ = {isa = PBXFileReference; lastKnownFileType = wrapper.framework; name = HealthKit.framework; path = Platforms/WatchOS.platform/Developer/SDKs/WatchOS5.2.sdk/System/Library/Frameworks/HealthKit.framework; sourceTree = DEVELOPER_DIR; };
		C897EBD42268D6EB00628B7E /* watchMotionDemo.app */ = {isa = PBXFileReference; explicitFileType = wrapper.application; includeInIndex = 0; path = watchMotionDemo.app; sourceTree = BUILT_PRODUCTS_DIR; };
		C897EBD72268D6EB00628B7E /* AppDelegate.swift */ = {isa = PBXFileReference; lastKnownFileType = sourcecode.swift; path = AppDelegate.swift; sourceTree = "<group>"; };
		C897EBD92268D6EB00628B7E /* ViewController.swift */ = {isa = PBXFileReference; lastKnownFileType = sourcecode.swift; path = ViewController.swift; sourceTree = "<group>"; };
		C897EBDC2268D6EB00628B7E /* Base */ = {isa = PBXFileReference; lastKnownFileType = file.storyboard; name = Base; path = Base.lproj/Main.storyboard; sourceTree = "<group>"; };
		C897EBDE2268D6ED00628B7E /* Assets.xcassets */ = {isa = PBXFileReference; lastKnownFileType = folder.assetcatalog; path = Assets.xcassets; sourceTree = "<group>"; };
		C897EBE12268D6ED00628B7E /* Base */ = {isa = PBXFileReference; lastKnownFileType = file.storyboard; name = Base; path = Base.lproj/LaunchScreen.storyboard; sourceTree = "<group>"; };
		C897EBE32268D6ED00628B7E /* Info.plist */ = {isa = PBXFileReference; lastKnownFileType = text.plist.xml; path = Info.plist; sourceTree = "<group>"; };
		C897EBE62268D6ED00628B7E /* watchMotionDemo WatchKit App.app */ = {isa = PBXFileReference; explicitFileType = wrapper.application; includeInIndex = 0; path = "watchMotionDemo WatchKit App.app"; sourceTree = BUILT_PRODUCTS_DIR; };
		C897EBEC2268D6EE00628B7E /* Base */ = {isa = PBXFileReference; lastKnownFileType = file.storyboard; name = Base; path = Base.lproj/Interface.storyboard; sourceTree = "<group>"; };
		C897EBEE2268D6EE00628B7E /* Assets.xcassets */ = {isa = PBXFileReference; lastKnownFileType = folder.assetcatalog; path = Assets.xcassets; sourceTree = "<group>"; };
		C897EBF02268D6EE00628B7E /* Info.plist */ = {isa = PBXFileReference; lastKnownFileType = text.plist.xml; path = Info.plist; sourceTree = "<group>"; };
		C897EBF52268D6EE00628B7E /* watchMotionDemo WatchKit Extension.appex */ = {isa = PBXFileReference; explicitFileType = "wrapper.app-extension"; includeInIndex = 0; path = "watchMotionDemo WatchKit Extension.appex"; sourceTree = BUILT_PRODUCTS_DIR; };
		C897EBFA2268D6EE00628B7E /* InterfaceController.swift */ = {isa = PBXFileReference; lastKnownFileType = sourcecode.swift; path = InterfaceController.swift; sourceTree = "<group>"; };
		C897EBFC2268D6EE00628B7E /* ExtensionDelegate.swift */ = {isa = PBXFileReference; lastKnownFileType = sourcecode.swift; path = ExtensionDelegate.swift; sourceTree = "<group>"; };
		C897EBFE2268D6EF00628B7E /* Assets.xcassets */ = {isa = PBXFileReference; lastKnownFileType = folder.assetcatalog; path = Assets.xcassets; sourceTree = "<group>"; };
		C897EC002268D6EF00628B7E /* Info.plist */ = {isa = PBXFileReference; lastKnownFileType = text.plist.xml; path = Info.plist; sourceTree = "<group>"; };
/* End PBXFileReference section */

/* Begin PBXFrameworksBuildPhase section */
		C897EBD12268D6EB00628B7E /* Frameworks */ = {
			isa = PBXFrameworksBuildPhase;
			buildActionMask = 2147483647;
			files = (
			);
			runOnlyForDeploymentPostprocessing = 0;
		};
		C897EBF22268D6EE00628B7E /* Frameworks */ = {
			isa = PBXFrameworksBuildPhase;
			buildActionMask = 2147483647;
			files = (
				C857E90B2269BF4100789E31 /* HealthKit.framework in Frameworks */,
			);
			runOnlyForDeploymentPostprocessing = 0;
		};
/* End PBXFrameworksBuildPhase section */

/* Begin PBXGroup section */
		C857E9092269BF4100789E31 /* Frameworks */ = {
			isa = PBXGroup;
			children = (
				C857E90A2269BF4100789E31 /* HealthKit.framework */,
			);
			name = Frameworks;
			sourceTree = "<group>";
		};
		C897EBCB2268D6EB00628B7E = {
			isa = PBXGroup;
			children = (
				C897EBD62268D6EB00628B7E /* watchMotionDemo */,
				C897EBEA2268D6ED00628B7E /* watchMotionDemo WatchKit App */,
				C897EBF92268D6EE00628B7E /* watchMotionDemo WatchKit Extension */,
				C897EBD52268D6EB00628B7E /* Products */,
				C857E9092269BF4100789E31 /* Frameworks */,
			);
			sourceTree = "<group>";
		};
		C897EBD52268D6EB00628B7E /* Products */ = {
			isa = PBXGroup;
			children = (
				C897EBD42268D6EB00628B7E /* watchMotionDemo.app */,
				C897EBE62268D6ED00628B7E /* watchMotionDemo WatchKit App.app */,
				C897EBF52268D6EE00628B7E /* watchMotionDemo WatchKit Extension.appex */,
			);
			name = Products;
			sourceTree = "<group>";
		};
		C897EBD62268D6EB00628B7E /* watchMotionDemo */ = {
			isa = PBXGroup;
			children = (
				C897EBD72268D6EB00628B7E /* AppDelegate.swift */,
				C897EBD92268D6EB00628B7E /* ViewController.swift */,
				C897EBDB2268D6EB00628B7E /* Main.storyboard */,
				C897EBDE2268D6ED00628B7E /* Assets.xcassets */,
				C897EBE02268D6ED00628B7E /* LaunchScreen.storyboard */,
				C897EBE32268D6ED00628B7E /* Info.plist */,
				C857E9062268F59800789E31 /* Notes.rtf */,
			);
			path = watchMotionDemo;
			sourceTree = "<group>";
		};
		C897EBEA2268D6ED00628B7E /* watchMotionDemo WatchKit App */ = {
			isa = PBXGroup;
			children = (
				C897EBEB2268D6EE00628B7E /* Interface.storyboard */,
				C897EBEE2268D6EE00628B7E /* Assets.xcassets */,
				C897EBF02268D6EE00628B7E /* Info.plist */,
			);
			path = "watchMotionDemo WatchKit App";
			sourceTree = "<group>";
		};
		C897EBF92268D6EE00628B7E /* watchMotionDemo WatchKit Extension */ = {
			isa = PBXGroup;
			children = (
				C857E9082269BF4100789E31 /* watchMotionDemo WatchKit Extension.entitlements */,
				C897EBFA2268D6EE00628B7E /* InterfaceController.swift */,
				C897EBFC2268D6EE00628B7E /* ExtensionDelegate.swift */,
				C897EBFE2268D6EF00628B7E /* Assets.xcassets */,
				C897EC002268D6EF00628B7E /* Info.plist */,
			);
			path = "watchMotionDemo WatchKit Extension";
			sourceTree = "<group>";
		};
/* End PBXGroup section */

/* Begin PBXNativeTarget section */
		C897EBD32268D6EB00628B7E /* watchMotionDemo */ = {
			isa = PBXNativeTarget;
			buildConfigurationList = C897EC0B2268D6EF00628B7E /* Build configuration list for PBXNativeTarget "watchMotionDemo" */;
			buildPhases = (
				C897EBD02268D6EB00628B7E /* Sources */,
				C897EBD12268D6EB00628B7E /* Frameworks */,
				C897EBD22268D6EB00628B7E /* Resources */,
				C897EC0A2268D6EF00628B7E /* Embed Watch Content */,
			);
			buildRules = (
			);
			dependencies = (
				C897EBE92268D6ED00628B7E /* PBXTargetDependency */,
			);
			name = watchMotionDemo;
			productName = watchMotionDemo;
			productReference = C897EBD42268D6EB00628B7E /* watchMotionDemo.app */;
			productType = "com.apple.product-type.application";
		};
		C897EBE52268D6ED00628B7E /* watchMotionDemo WatchKit App */ = {
			isa = PBXNativeTarget;
			buildConfigurationList = C897EC072268D6EF00628B7E /* Build configuration list for PBXNativeTarget "watchMotionDemo WatchKit App" */;
			buildPhases = (
				C897EBE42268D6ED00628B7E /* Resources */,
				C897EC062268D6EF00628B7E /* Embed App Extensions */,
			);
			buildRules = (
			);
			dependencies = (
				C897EBF82268D6EE00628B7E /* PBXTargetDependency */,
			);
			name = "watchMotionDemo WatchKit App";
			productName = "watchMotionDemo WatchKit App";
			productReference = C897EBE62268D6ED00628B7E /* watchMotionDemo WatchKit App.app */;
			productType = "com.apple.product-type.application.watchapp2";
		};
		C897EBF42268D6EE00628B7E /* watchMotionDemo WatchKit Extension */ = {
			isa = PBXNativeTarget;
			buildConfigurationList = C897EC032268D6EF00628B7E /* Build configuration list for PBXNativeTarget "watchMotionDemo WatchKit Extension" */;
			buildPhases = (
				C897EBF12268D6EE00628B7E /* Sources */,
				C897EBF22268D6EE00628B7E /* Frameworks */,
				C897EBF32268D6EE00628B7E /* Resources */,
			);
			buildRules = (
			);
			dependencies = (
			);
			name = "watchMotionDemo WatchKit Extension";
			productName = "watchMotionDemo WatchKit Extension";
			productReference = C897EBF52268D6EE00628B7E /* watchMotionDemo WatchKit Extension.appex */;
			productType = "com.apple.product-type.watchkit2-extension";
		};
/* End PBXNativeTarget section */

/* Begin PBXProject section */
		C897EBCC2268D6EB00628B7E /* Project object */ = {
			isa = PBXProject;
			attributes = {
				LastSwiftUpdateCheck = 1020;
				LastUpgradeCheck = 1020;
				ORGANIZATIONNAME = "David New";
				TargetAttributes = {
					C897EBD32268D6EB00628B7E = {
						CreatedOnToolsVersion = 10.2.1;
						SystemCapabilities = {
							com.apple.BackgroundModes = {
								enabled = 0;
							};
						};
					};
					C897EBE52268D6ED00628B7E = {
						CreatedOnToolsVersion = 10.2.1;
					};
					C897EBF42268D6EE00628B7E = {
						CreatedOnToolsVersion = 10.2.1;
						SystemCapabilities = {
							com.apple.BackgroundModes.watchos.extension = {
								enabled = 1;
							};
							com.apple.HealthKit.watchos = {
								enabled = 1;
							};
						};
					};
				};
			};
			buildConfigurationList = C897EBCF2268D6EB00628B7E /* Build configuration list for PBXProject "watchMotionDemo" */;
			compatibilityVersion = "Xcode 9.3";
			developmentRegion = en;
			hasScannedForEncodings = 0;
			knownRegions = (
				en,
				Base,
			);
			mainGroup = C897EBCB2268D6EB00628B7E;
			productRefGroup = C897EBD52268D6EB00628B7E /* Products */;
			projectDirPath = "";
			projectRoot = "";
			targets = (
				C897EBD32268D6EB00628B7E /* watchMotionDemo */,
				C897EBE52268D6ED00628B7E /* watchMotionDemo WatchKit App */,
				C897EBF42268D6EE00628B7E /* watchMotionDemo WatchKit Extension */,
			);
		};
/* End PBXProject section */

/* Begin PBXResourcesBuildPhase section */
		C897EBD22268D6EB00628B7E /* Resources */ = {
			isa = PBXResourcesBuildPhase;
			buildActionMask = 2147483647;
			files = (
				C857E9072268F59800789E31 /* Notes.rtf in Resources */,
				C897EBE22268D6ED00628B7E /* LaunchScreen.storyboard in Resources */,
				C897EBDF2268D6ED00628B7E /* Assets.xcassets in Resources */,
				C897EBDD2268D6EB00628B7E /* Main.storyboard in Resources */,
			);
			runOnlyForDeploymentPostprocessing = 0;
		};
		C897EBE42268D6ED00628B7E /* Resources */ = {
			isa = PBXResourcesBuildPhase;
			buildActionMask = 2147483647;
			files = (
				C897EBEF2268D6EE00628B7E /* Assets.xcassets in Resources */,
				C897EBED2268D6EE00628B7E /* Interface.storyboard in Resources */,
			);
			runOnlyForDeploymentPostprocessing = 0;
		};
		C897EBF32268D6EE00628B7E /* Resources */ = {
			isa = PBXResourcesBuildPhase;
			buildActionMask = 2147483647;
			files = (
				C897EBFF2268D6EF00628B7E /* Assets.xcassets in Resources */,
			);
			runOnlyForDeploymentPostprocessing = 0;
		};
/* End PBXResourcesBuildPhase section */

/* Begin PBXSourcesBuildPhase section */
		C897EBD02268D6EB00628B7E /* Sources */ = {
			isa = PBXSourcesBuildPhase;
			buildActionMask = 2147483647;
			files = (
				C897EBDA2268D6EB00628B7E /* ViewController.swift in Sources */,
				C897EBD82268D6EB00628B7E /* AppDelegate.swift in Sources */,
			);
			runOnlyForDeploymentPostprocessing = 0;
		};
		C897EBF12268D6EE00628B7E /* Sources */ = {
			isa = PBXSourcesBuildPhase;
			buildActionMask = 2147483647;
			files = (
				C897EBFD2268D6EE00628B7E /* ExtensionDelegate.swift in Sources */,
				C897EBFB2268D6EE00628B7E /* InterfaceController.swift in Sources */,
			);
			runOnlyForDeploymentPostprocessing = 0;
		};
/* End PBXSourcesBuildPhase section */

/* Begin PBXTargetDependency section */
		C897EBE92268D6ED00628B7E /* PBXTargetDependency */ = {
			isa = PBXTargetDependency;
			target = C897EBE52268D6ED00628B7E /* watchMotionDemo WatchKit App */;
			targetProxy = C897EBE82268D6ED00628B7E /* PBXContainerItemProxy */;
		};
		C897EBF82268D6EE00628B7E /* PBXTargetDependency */ = {
			isa = PBXTargetDependency;
			target = C897EBF42268D6EE00628B7E /* watchMotionDemo WatchKit Extension */;
			targetProxy = C897EBF72268D6EE00628B7E /* PBXContainerItemProxy */;
		};
/* End PBXTargetDependency section */

/* Begin PBXVariantGroup section */
		C897EBDB2268D6EB00628B7E /* Main.storyboard */ = {
			isa = PBXVariantGroup;
			children = (
				C897EBDC2268D6EB00628B7E /* Base */,
			);
			name = Main.storyboard;
			sourceTree = "<group>";
		};
		C897EBE02268D6ED00628B7E /* LaunchScreen.storyboard */ = {
			isa = PBXVariantGroup;
			children = (
				C897EBE12268D6ED00628B7E /* Base */,
			);
			name = LaunchScreen.storyboard;
			sourceTree = "<group>";
		};
		C897EBEB2268D6EE00628B7E /* Interface.storyboard */ = {
			isa = PBXVariantGroup;
			children = (
				C897EBEC2268D6EE00628B7E /* Base */,
			);
			name = Interface.storyboard;
			sourceTree = "<group>";
		};
/* End PBXVariantGroup section */

/* Begin XCBuildConfiguration section */
		C897EC012268D6EF00628B7E /* Debug */ = {
			isa = XCBuildConfiguration;
			buildSettings = {
				ALWAYS_SEARCH_USER_PATHS = NO;
				CLANG_ANALYZER_NONNULL = YES;
				CLANG_ANALYZER_NUMBER_OBJECT_CONVERSION = YES_AGGRESSIVE;
				CLANG_CXX_LANGUAGE_STANDARD = "gnu++14";
				CLANG_CXX_LIBRARY = "libc++";
				CLANG_ENABLE_MODULES = YES;
				CLANG_ENABLE_OBJC_ARC = YES;
				CLANG_ENABLE_OBJC_WEAK = YES;
				CLANG_WARN_BLOCK_CAPTURE_AUTORELEASING = YES;
				CLANG_WARN_BOOL_CONVERSION = YES;
				CLANG_WARN_COMMA = YES;
				CLANG_WARN_CONSTANT_CONVERSION = YES;
				CLANG_WARN_DEPRECATED_OBJC_IMPLEMENTATIONS = YES;
				CLANG_WARN_DIRECT_OBJC_ISA_USAGE = YES_ERROR;
				CLANG_WARN_DOCUMENTATION_COMMENTS = YES;
				CLANG_WARN_EMPTY_BODY = YES;
				CLANG_WARN_ENUM_CONVERSION = YES;
				CLANG_WARN_INFINITE_RECURSION = YES;
				CLANG_WARN_INT_CONVERSION = YES;
				CLANG_WARN_NON_LITERAL_NULL_CONVERSION = YES;
				CLANG_WARN_OBJC_IMPLICIT_RETAIN_SELF = YES;
				CLANG_WARN_OBJC_LITERAL_CONVERSION = YES;
				CLANG_WARN_OBJC_ROOT_CLASS = YES_ERROR;
				CLANG_WARN_RANGE_LOOP_ANALYSIS = YES;
				CLANG_WARN_STRICT_PROTOTYPES = YES;
				CLANG_WARN_SUSPICIOUS_MOVE = YES;
				CLANG_WARN_UNGUARDED_AVAILABILITY = YES_AGGRESSIVE;
				CLANG_WARN_UNREACHABLE_CODE = YES;
				CLANG_WARN__DUPLICATE_METHOD_MATCH = YES;
				CODE_SIGN_IDENTITY = "iPhone Developer";
				COPY_PHASE_STRIP = NO;
				DEBUG_INFORMATION_FORMAT = dwarf;
				ENABLE_STRICT_OBJC_MSGSEND = YES;
				ENABLE_TESTABILITY = YES;
				GCC_C_LANGUAGE_STANDARD = gnu11;
				GCC_DYNAMIC_NO_PIC = NO;
				GCC_NO_COMMON_BLOCKS = YES;
				GCC_OPTIMIZATION_LEVEL = 0;
				GCC_PREPROCESSOR_DEFINITIONS = (
					"DEBUG=1",
					"$(inherited)",
				);
				GCC_WARN_64_TO_32_BIT_CONVERSION = YES;
				GCC_WARN_ABOUT_RETURN_TYPE = YES_ERROR;
				GCC_WARN_UNDECLARED_SELECTOR = YES;
				GCC_WARN_UNINITIALIZED_AUTOS = YES_AGGRESSIVE;
				GCC_WARN_UNUSED_FUNCTION = YES;
				GCC_WARN_UNUSED_VARIABLE = YES;
				IPHONEOS_DEPLOYMENT_TARGET = 12.2;
				MTL_ENABLE_DEBUG_INFO = INCLUDE_SOURCE;
				MTL_FAST_MATH = YES;
				ONLY_ACTIVE_ARCH = YES;
				SDKROOT = iphoneos;
				SWIFT_ACTIVE_COMPILATION_CONDITIONS = DEBUG;
				SWIFT_OPTIMIZATION_LEVEL = "-Onone";
			};
			name = Debug;
		};
		C897EC022268D6EF00628B7E /* Release */ = {
			isa = XCBuildConfiguration;
			buildSettings = {
				ALWAYS_SEARCH_USER_PATHS = NO;
				CLANG_ANALYZER_NONNULL = YES;
				CLANG_ANALYZER_NUMBER_OBJECT_CONVERSION = YES_AGGRESSIVE;
				CLANG_CXX_LANGUAGE_STANDARD = "gnu++14";
				CLANG_CXX_LIBRARY = "libc++";
				CLANG_ENABLE_MODULES = YES;
				CLANG_ENABLE_OBJC_ARC = YES;
				CLANG_ENABLE_OBJC_WEAK = YES;
				CLANG_WARN_BLOCK_CAPTURE_AUTORELEASING = YES;
				CLANG_WARN_BOOL_CONVERSION = YES;
				CLANG_WARN_COMMA = YES;
				CLANG_WARN_CONSTANT_CONVERSION = YES;
				CLANG_WARN_DEPRECATED_OBJC_IMPLEMENTATIONS = YES;
				CLANG_WARN_DIRECT_OBJC_ISA_USAGE = YES_ERROR;
				CLANG_WARN_DOCUMENTATION_COMMENTS = YES;
				CLANG_WARN_EMPTY_BODY = YES;
				CLANG_WARN_ENUM_CONVERSION = YES;
				CLANG_WARN_INFINITE_RECURSION = YES;
				CLANG_WARN_INT_CONVERSION = YES;
				CLANG_WARN_NON_LITERAL_NULL_CONVERSION = YES;
				CLANG_WARN_OBJC_IMPLICIT_RETAIN_SELF = YES;
				CLANG_WARN_OBJC_LITERAL_CONVERSION = YES;
				CLANG_WARN_OBJC_ROOT_CLASS = YES_ERROR;
				CLANG_WARN_RANGE_LOOP_ANALYSIS = YES;
				CLANG_WARN_STRICT_PROTOTYPES = YES;
				CLANG_WARN_SUSPICIOUS_MOVE = YES;
				CLANG_WARN_UNGUARDED_AVAILABILITY = YES_AGGRESSIVE;
				CLANG_WARN_UNREACHABLE_CODE = YES;
				CLANG_WARN__DUPLICATE_METHOD_MATCH = YES;
				CODE_SIGN_IDENTITY = "iPhone Developer";
				COPY_PHASE_STRIP = NO;
				DEBUG_INFORMATION_FORMAT = "dwarf-with-dsym";
				ENABLE_NS_ASSERTIONS = NO;
				ENABLE_STRICT_OBJC_MSGSEND = YES;
				GCC_C_LANGUAGE_STANDARD = gnu11;
				GCC_NO_COMMON_BLOCKS = YES;
				GCC_WARN_64_TO_32_BIT_CONVERSION = YES;
				GCC_WARN_ABOUT_RETURN_TYPE = YES_ERROR;
				GCC_WARN_UNDECLARED_SELECTOR = YES;
				GCC_WARN_UNINITIALIZED_AUTOS = YES_AGGRESSIVE;
				GCC_WARN_UNUSED_FUNCTION = YES;
				GCC_WARN_UNUSED_VARIABLE = YES;
				IPHONEOS_DEPLOYMENT_TARGET = 12.2;
				MTL_ENABLE_DEBUG_INFO = NO;
				MTL_FAST_MATH = YES;
				SDKROOT = iphoneos;
				SWIFT_COMPILATION_MODE = wholemodule;
				SWIFT_OPTIMIZATION_LEVEL = "-O";
				VALIDATE_PRODUCT = YES;
			};
			name = Release;
		};
		C897EC042268D6EF00628B7E /* Debug */ = {
			isa = XCBuildConfiguration;
			buildSettings = {
				ASSETCATALOG_COMPILER_COMPLICATION_NAME = Complication;
				CODE_SIGN_ENTITLEMENTS = "watchMotionDemo WatchKit Extension/watchMotionDemo WatchKit Extension.entitlements";
				CODE_SIGN_STYLE = Automatic;
				DEVELOPMENT_TEAM = 64F6S6MS6N;
				INFOPLIST_FILE = "watchMotionDemo WatchKit Extension/Info.plist";
				LD_RUNPATH_SEARCH_PATHS = (
					"$(inherited)",
					"@executable_path/Frameworks",
					"@executable_path/../../Frameworks",
				);
				PRODUCT_BUNDLE_IDENTIFIER = com.davidanew.watchMotionDemo.watchkitapp.watchkitextension;
				PRODUCT_NAME = "${TARGET_NAME}";
				SDKROOT = watchos;
				SKIP_INSTALL = YES;
				SWIFT_VERSION = 5.0;
				TARGETED_DEVICE_FAMILY = 4;
				WATCHOS_DEPLOYMENT_TARGET = 5.2;
			};
			name = Debug;
		};
		C897EC052268D6EF00628B7E /* Release */ = {
			isa = XCBuildConfiguration;
			buildSettings = {
				ASSETCATALOG_COMPILER_COMPLICATION_NAME = Complication;
				CODE_SIGN_ENTITLEMENTS = "watchMotionDemo WatchKit Extension/watchMotionDemo WatchKit Extension.entitlements";
				CODE_SIGN_STYLE = Automatic;
				DEVELOPMENT_TEAM = 64F6S6MS6N;
				INFOPLIST_FILE = "watchMotionDemo WatchKit Extension/Info.plist";
				LD_RUNPATH_SEARCH_PATHS = (
					"$(inherited)",
					"@executable_path/Frameworks",
					"@executable_path/../../Frameworks",
				);
				PRODUCT_BUNDLE_IDENTIFIER = com.davidanew.watchMotionDemo.watchkitapp.watchkitextension;
				PRODUCT_NAME = "${TARGET_NAME}";
				SDKROOT = watchos;
				SKIP_INSTALL = YES;
				SWIFT_VERSION = 5.0;
				TARGETED_DEVICE_FAMILY = 4;
				WATCHOS_DEPLOYMENT_TARGET = 5.2;
			};
			name = Release;
		};
		C897EC082268D6EF00628B7E /* Debug */ = {
			isa = XCBuildConfiguration;
			buildSettings = {
				ALWAYS_EMBED_SWIFT_STANDARD_LIBRARIES = YES;
				ASSETCATALOG_COMPILER_APPICON_NAME = AppIcon;
				CODE_SIGN_STYLE = Automatic;
				DEVELOPMENT_TEAM = 64F6S6MS6N;
				IBSC_MODULE = watchMotionDemo_WatchKit_Extension;
				INFOPLIST_FILE = "watchMotionDemo WatchKit App/Info.plist";
				PRODUCT_BUNDLE_IDENTIFIER = com.davidanew.watchMotionDemo.watchkitapp;
				PRODUCT_NAME = "$(TARGET_NAME)";
				SDKROOT = watchos;
				SKIP_INSTALL = YES;
				SWIFT_VERSION = 5.0;
				TARGETED_DEVICE_FAMILY = 4;
				WATCHOS_DEPLOYMENT_TARGET = 5.2;
			};
			name = Debug;
		};
		C897EC092268D6EF00628B7E /* Release */ = {
			isa = XCBuildConfiguration;
			buildSettings = {
				ALWAYS_EMBED_SWIFT_STANDARD_LIBRARIES = YES;
				ASSETCATALOG_COMPILER_APPICON_NAME = AppIcon;
				CODE_SIGN_STYLE = Automatic;
				DEVELOPMENT_TEAM = 64F6S6MS6N;
				IBSC_MODULE = watchMotionDemo_WatchKit_Extension;
				INFOPLIST_FILE = "watchMotionDemo WatchKit App/Info.plist";
				PRODUCT_BUNDLE_IDENTIFIER = com.davidanew.watchMotionDemo.watchkitapp;
				PRODUCT_NAME = "$(TARGET_NAME)";
				SDKROOT = watchos;
				SKIP_INSTALL = YES;
				SWIFT_VERSION = 5.0;
				TARGETED_DEVICE_FAMILY = 4;
				WATCHOS_DEPLOYMENT_TARGET = 5.2;
			};
			name = Release;
		};
		C897EC0C2268D6EF00628B7E /* Debug */ = {
			isa = XCBuildConfiguration;
			buildSettings = {
				ASSETCATALOG_COMPILER_APPICON_NAME = AppIcon;
				CODE_SIGN_STYLE = Automatic;
				DEVELOPMENT_TEAM = 64F6S6MS6N;
				INFOPLIST_FILE = watchMotionDemo/Info.plist;
				LD_RUNPATH_SEARCH_PATHS = (
					"$(inherited)",
					"@executable_path/Frameworks",
				);
				PRODUCT_BUNDLE_IDENTIFIER = com.davidanew.watchMotionDemo;
				PRODUCT_NAME = "$(TARGET_NAME)";
				SWIFT_VERSION = 5.0;
				TARGETED_DEVICE_FAMILY = "1,2";
			};
			name = Debug;
		};
		C897EC0D2268D6EF00628B7E /* Release */ = {
			isa = XCBuildConfiguration;
			buildSettings = {
				ASSETCATALOG_COMPILER_APPICON_NAME = AppIcon;
				CODE_SIGN_STYLE = Automatic;
				DEVELOPMENT_TEAM = 64F6S6MS6N;
				INFOPLIST_FILE = watchMotionDemo/Info.plist;
				LD_RUNPATH_SEARCH_PATHS = (
					"$(inherited)",
					"@executable_path/Frameworks",
				);
				PRODUCT_BUNDLE_IDENTIFIER = com.davidanew.watchMotionDemo;
				PRODUCT_NAME = "$(TARGET_NAME)";
				SWIFT_VERSION = 5.0;
				TARGETED_DEVICE_FAMILY = "1,2";
			};
			name = Release;
		};
/* End XCBuildConfiguration section */

/* Begin XCConfigurationList section */
		C897EBCF2268D6EB00628B7E /* Build configuration list for PBXProject "watchMotionDemo" */ = {
			isa = XCConfigurationList;
			buildConfigurations = (
				C897EC012268D6EF00628B7E /* Debug */,
				C897EC022268D6EF00628B7E /* Release */,
			);
			defaultConfigurationIsVisible = 0;
			defaultConfigurationName = Release;
		};
		C897EC032268D6EF00628B7E /* Build configuration list for PBXNativeTarget "watchMotionDemo WatchKit Extension" */ = {
			isa = XCConfigurationList;
			buildConfigurations = (
				C897EC042268D6EF00628B7E /* Debug */,
				C897EC052268D6EF00628B7E /* Release */,
			);
			defaultConfigurationIsVisible = 0;
			defaultConfigurationName = Release;
		};
		C897EC072268D6EF00628B7E /* Build configuration list for PBXNativeTarget "watchMotionDemo WatchKit App" */ = {
			isa = XCConfigurationList;
			buildConfigurations = (
				C897EC082268D6EF00628B7E /* Debug */,
				C897EC092268D6EF00628B7E /* Release */,
			);
			defaultConfigurationIsVisible = 0;
			defaultConfigurationName = Release;
		};
		C897EC0B2268D6EF00628B7E /* Build configuration list for PBXNativeTarget "watchMotionDemo" */ = {
			isa = XCConfigurationList;
			buildConfigurations = (
				C897EC0C2268D6EF00628B7E /* Debug */,
				C897EC0D2268D6EF00628B7E /* Release */,
			);
			defaultConfigurationIsVisible = 0;
			defaultConfigurationName = Release;
		};
/* End XCConfigurationList section */
	};
	rootObject = C897EBCC2268D6EB00628B7E /* Project object */;
}
